
Microsoft Visual Studio Solution File, Format Version 12.00
# Visual Studio Version 17
Project("{2150E333-8FDC-42A3-9474-1A3956D46DE8}") = "CMakePredefinedTargets", "CMakePredefinedTargets", "{ED838B34-1735-3214-9862-DDB5A56B9DC1}"
EndProject
Project("{8BC9CEB8-8B4A-11D0-8D11-00A0C91BC942}") = "CSC8503", "CSC8503\CSC8503.vcxproj", "{332411E6-CBEE-3EA2-B1E8-A29A7EEF8EA9}"
	ProjectSection(ProjectDependencies) = postProject
		{E59801C3-2681-361C-AC1B-289D66A3BB92} = {E59801C3-2681-361C-AC1B-289D66A3BB92}
		{F1A38C7B-787C-3A94-9D6C-5B77B577645A} = {F1A38C7B-787C-3A94-9D6C-5B77B577645A}
		{2E4EC942-0E6D-33E8-83D0-8241A643A262} = {2E4EC942-0E6D-33E8-83D0-8241A643A262}
		{DE99D8B2-F0B5-34F1-800B-799C198479FE} = {DE99D8B2-F0B5-34F1-800B-799C198479FE}
	EndProjectSection
EndProject
Project("{8BC9CEB8-8B4A-11D0-8D11-00A0C91BC942}") = "ALL_BUILD", "ALL_BUILD.vcxproj", "{80805A15-18E8-34D4-B921-568CDF2B6526}"
	ProjectSection(ProjectDependencies) = postProject
		{332411E6-CBEE-3EA2-B1E8-A29A7EEF8EA9} = {332411E6-CBEE-3EA2-B1E8-A29A7EEF8EA9}
		{E59801C3-2681-361C-AC1B-289D66A3BB92} = {E59801C3-2681-361C-AC1B-289D66A3BB92}
		{F1A38C7B-787C-3A94-9D6C-5B77B577645A} = {F1A38C7B-787C-3A94-9D6C-5B77B577645A}
		{2E4EC942-0E6D-33E8-83D0-8241A643A262} = {2E4EC942-0E6D-33E8-83D0-8241A643A262}
		{DE99D8B2-F0B5-34F1-800B-799C198479FE} = {DE99D8B2-F0B5-34F1-800B-799C198479FE}
	EndProjectSection
EndProject
Project("{8BC9CEB8-8B4A-11D0-8D11-00A0C91BC942}") = "CSC8503CoreClasses", "CSC8503CoreClasses\CSC8503CoreClasses.vcxproj", "{E59801C3-2681-361C-AC1B-289D66A3BB92}"
	ProjectSection(ProjectDependencies) = postProject
		{DE99D8B2-F0B5-34F1-800B-799C198479FE} = {DE99D8B2-F0B5-34F1-800B-799C198479FE}
	EndProjectSection
EndProject
Project("{8BC9CEB8-8B4A-11D0-8D11-00A0C91BC942}") = "NCLCoreClasses", "NCLCoreClasses\NCLCoreClasses.vcxproj", "{F1A38C7B-787C-3A94-9D6C-5B77B577645A}"
	ProjectSection(ProjectDependencies) = postProject
		{DE99D8B2-F0B5-34F1-800B-799C198479FE} = {DE99D8B2-F0B5-34F1-800B-799C198479FE}
	EndProjectSection
EndProject
Project("{8BC9CEB8-8B4A-11D0-8D11-00A0C91BC942}") = "OpenGLRendering", "OpenGLRendering\OpenGLRendering.vcxproj", "{2E4EC942-0E6D-33E8-83D0-8241A643A262}"
	ProjectSection(ProjectDependencies) = postProject
		{F1A38C7B-787C-3A94-9D6C-5B77B577645A} = {F1A38C7B-787C-3A94-9D6C-5B77B577645A}
		{DE99D8B2-F0B5-34F1-800B-799C198479FE} = {DE99D8B2-F0B5-34F1-800B-799C198479FE}
	EndProjectSection
EndProject
Project("{8BC9CEB8-8B4A-11D0-8D11-00A0C91BC942}") = "ZERO_CHECK", "ZERO_CHECK.vcxproj", "{DE99D8B2-F0B5-34F1-800B-799C198479FE}"
	ProjectSection(ProjectDependencies) = postProject
	EndProjectSection
EndProject
Global
	GlobalSection(SolutionConfigurationPlatforms) = preSolution
		Debug|x64 = Debug|x64
		Release|x64 = Release|x64
	EndGlobalSection
	GlobalSection(ProjectConfigurationPlatforms) = postSolution
		{332411E6-CBEE-3EA2-B1E8-A29A7EEF8EA9}.Debug|x64.ActiveCfg = Debug|x64
		{332411E6-CBEE-3EA2-B1E8-A29A7EEF8EA9}.Debug|x64.Build.0 = Debug|x64
		{332411E6-CBEE-3EA2-B1E8-A29A7EEF8EA9}.Release|x64.ActiveCfg = Release|x64
		{332411E6-CBEE-3EA2-B1E8-A29A7EEF8EA9}.Release|x64.Build.0 = Release|x64
		{80805A15-18E8-34D4-B921-568CDF2B6526}.Debug|x64.ActiveCfg = Debug|x64
		{80805A15-18E8-34D4-B921-568CDF2B6526}.Release|x64.ActiveCfg = Release|x64
		{E59801C3-2681-361C-AC1B-289D66A3BB92}.Debug|x64.ActiveCfg = Debug|x64
		{E59801C3-2681-361C-AC1B-289D66A3BB92}.Debug|x64.Build.0 = Debug|x64
		{E59801C3-2681-361C-AC1B-289D66A3BB92}.Release|x64.ActiveCfg = Release|x64
		{E59801C3-2681-361C-AC1B-289D66A3BB92}.Release|x64.Build.0 = Release|x64
		{F1A38C7B-787C-3A94-9D6C-5B77B577645A}.Debug|x64.ActiveCfg = Debug|x64
		{F1A38C7B-787C-3A94-9D6C-5B77B577645A}.Debug|x64.Build.0 = Debug|x64
		{F1A38C7B-787C-3A94-9D6C-5B77B577645A}.Release|x64.ActiveCfg = Release|x64
		{F1A38C7B-787C-3A94-9D6C-5B77B577645A}.Release|x64.Build.0 = Release|x64
		{2E4EC942-0E6D-33E8-83D0-8241A643A262}.Debug|x64.ActiveCfg = Debug|x64
		{2E4EC942-0E6D-33E8-83D0-8241A643A262}.Debug|x64.Build.0 = Debug|x64
		{2E4EC942-0E6D-33E8-83D0-8241A643A262}.Release|x64.ActiveCfg = Release|x64
		{2E4EC942-0E6D-33E8-83D0-8241A643A262}.Release|x64.Build.0 = Release|x64
		{DE99D8B2-F0B5-34F1-800B-799C198479FE}.Debug|x64.ActiveCfg = Debug|x64
		{DE99D8B2-F0B5-34F1-800B-799C198479FE}.Debug|x64.Build.0 = Debug|x64
		{DE99D8B2-F0B5-34F1-800B-799C198479FE}.Release|x64.ActiveCfg = Release|x64
		{DE99D8B2-F0B5-34F1-800B-799C198479FE}.Release|x64.Build.0 = Release|x64
	EndGlobalSection
	GlobalSection(NestedProjects) = preSolution
		{80805A15-18E8-34D4-B921-568CDF2B6526} = {ED838B34-1735-3214-9862-DDB5A56B9DC1}
		{DE99D8B2-F0B5-34F1-800B-799C198479FE} = {ED838B34-1735-3214-9862-DDB5A56B9DC1}
	EndGlobalSection
	GlobalSection(ExtensibilityGlobals) = postSolution
		SolutionGuid = {3D2EAE36-EA8F-3B90-8C01-11B6E2EBD696}
	EndGlobalSection
	GlobalSection(ExtensibilityAddIns) = postSolution
	EndGlobalSection
EndGlobal
